// !$*UTF8*$!
{
	archiveVersion = 1;
	classes = {
	};
	objectVersion = 56;
	objects = {

/* Begin PBXBuildFile section */
		632B12452AFA4C3100AC324F /* Launch Screen.storyboard in Resources */ = {isa = PBXBuildFile; fileRef = 632B12442AFA4C3100AC324F /* Launch Screen.storyboard */; };
		632B12482AFA753E00AC324F /* Lottie in Frameworks */ = {isa = PBXBuildFile; productRef = 632B12472AFA753E00AC324F /* Lottie */; };
		632B124A2AFA766B00AC324F /* earth_animated.json in Resources */ = {isa = PBXBuildFile; fileRef = 632B12492AFA766B00AC324F /* earth_animated.json */; };
		632B124C2AFA76FC00AC324F /* LottieView.swift in Sources */ = {isa = PBXBuildFile; fileRef = 632B124B2AFA76FC00AC324F /* LottieView.swift */; };
		632B124E2AFA7AC500AC324F /* earth_spinning.json in Resources */ = {isa = PBXBuildFile; fileRef = 632B124D2AFA7AC500AC324F /* earth_spinning.json */; };
		79DB31E12AFA47D2006DB80F /* my_ios_appApp.swift in Sources */ = {isa = PBXBuildFile; fileRef = 79DB31E02AFA47D2006DB80F /* my_ios_appApp.swift */; };
		79DB31E32AFA47D2006DB80F /* ContentView.swift in Sources */ = {isa = PBXBuildFile; fileRef = 79DB31E22AFA47D2006DB80F /* ContentView.swift */; };
		79DB31E52AFA47D2006DB80F /* Assets.xcassets in Resources */ = {isa = PBXBuildFile; fileRef = 79DB31E42AFA47D2006DB80F /* Assets.xcassets */; };
		79DB31E82AFA47D2006DB80F /* Preview Assets.xcassets in Resources */ = {isa = PBXBuildFile; fileRef = 79DB31E72AFA47D2006DB80F /* Preview Assets.xcassets */; };
		79DB31F22AFA47D2006DB80F /* my_ios_appTests.swift in Sources */ = {isa = PBXBuildFile; fileRef = 79DB31F12AFA47D2006DB80F /* my_ios_appTests.swift */; };
		79DB31FC2AFA47D2006DB80F /* my_ios_appUITests.swift in Sources */ = {isa = PBXBuildFile; fileRef = 79DB31FB2AFA47D2006DB80F /* my_ios_appUITests.swift */; };
		79DB31FE2AFA47D2006DB80F /* my_ios_appUITestsLaunchTests.swift in Sources */ = {isa = PBXBuildFile; fileRef = 79DB31FD2AFA47D2006DB80F /* my_ios_appUITestsLaunchTests.swift */; };
		79DB320D2AFA4BB5006DB80F /* ProductDetailsView.swift in Sources */ = {isa = PBXBuildFile; fileRef = 79DB320C2AFA4BB5006DB80F /* ProductDetailsView.swift */; };
		79DB320F2AFA4BCB006DB80F /* ProductsView.swift in Sources */ = {isa = PBXBuildFile; fileRef = 79DB320E2AFA4BCB006DB80F /* ProductsView.swift */; };
/* End PBXBuildFile section */

/* Begin PBXContainerItemProxy section */
		79DB31EE2AFA47D2006DB80F /* PBXContainerItemProxy */ = {
			isa = PBXContainerItemProxy;
			containerPortal = 79DB31D52AFA47D1006DB80F /* Project object */;
			proxyType = 1;
			remoteGlobalIDString = 79DB31DC2AFA47D1006DB80F;
			remoteInfo = "my-ios-app";
		};
		79DB31F82AFA47D2006DB80F /* PBXContainerItemProxy */ = {
			isa = PBXContainerItemProxy;
			containerPortal = 79DB31D52AFA47D1006DB80F /* Project object */;
			proxyType = 1;
			remoteGlobalIDString = 79DB31DC2AFA47D1006DB80F;
			remoteInfo = "my-ios-app";
		};
/* End PBXContainerItemProxy section */

/* Begin PBXFileReference section */
		632B12442AFA4C3100AC324F /* Launch Screen.storyboard */ = {isa = PBXFileReference; lastKnownFileType = file.storyboard; path = "Launch Screen.storyboard"; sourceTree = "<group>"; };
		632B12492AFA766B00AC324F /* earth_animated.json */ = {isa = PBXFileReference; fileEncoding = 4; lastKnownFileType = text.json; path = earth_animated.json; sourceTree = "<group>"; };
		632B124B2AFA76FC00AC324F /* LottieView.swift */ = {isa = PBXFileReference; lastKnownFileType = sourcecode.swift; path = LottieView.swift; sourceTree = "<group>"; };
		632B124D2AFA7AC500AC324F /* earth_spinning.json */ = {isa = PBXFileReference; fileEncoding = 4; lastKnownFileType = text.json; path = earth_spinning.json; sourceTree = "<group>"; };
		79DB31DD2AFA47D2006DB80F /* my-ios-app.app */ = {isa = PBXFileReference; explicitFileType = wrapper.application; includeInIndex = 0; path = "my-ios-app.app"; sourceTree = BUILT_PRODUCTS_DIR; };
		79DB31E02AFA47D2006DB80F /* my_ios_appApp.swift */ = {isa = PBXFileReference; lastKnownFileType = sourcecode.swift; path = my_ios_appApp.swift; sourceTree = "<group>"; };
		79DB31E22AFA47D2006DB80F /* ContentView.swift */ = {isa = PBXFileReference; lastKnownFileType = sourcecode.swift; path = ContentView.swift; sourceTree = "<group>"; };
		79DB31E42AFA47D2006DB80F /* Assets.xcassets */ = {isa = PBXFileReference; lastKnownFileType = folder.assetcatalog; path = Assets.xcassets; sourceTree = "<group>"; };
		79DB31E72AFA47D2006DB80F /* Preview Assets.xcassets */ = {isa = PBXFileReference; lastKnownFileType = folder.assetcatalog; path = "Preview Assets.xcassets"; sourceTree = "<group>"; };
		79DB31ED2AFA47D2006DB80F /* my-ios-appTests.xctest */ = {isa = PBXFileReference; explicitFileType = wrapper.cfbundle; includeInIndex = 0; path = "my-ios-appTests.xctest"; sourceTree = BUILT_PRODUCTS_DIR; };
		79DB31F12AFA47D2006DB80F /* my_ios_appTests.swift */ = {isa = PBXFileReference; lastKnownFileType = sourcecode.swift; path = my_ios_appTests.swift; sourceTree = "<group>"; };
		79DB31F72AFA47D2006DB80F /* my-ios-appUITests.xctest */ = {isa = PBXFileReference; explicitFileType = wrapper.cfbundle; includeInIndex = 0; path = "my-ios-appUITests.xctest"; sourceTree = BUILT_PRODUCTS_DIR; };
		79DB31FB2AFA47D2006DB80F /* my_ios_appUITests.swift */ = {isa = PBXFileReference; lastKnownFileType = sourcecode.swift; path = my_ios_appUITests.swift; sourceTree = "<group>"; };
		79DB31FD2AFA47D2006DB80F /* my_ios_appUITestsLaunchTests.swift */ = {isa = PBXFileReference; lastKnownFileType = sourcecode.swift; path = my_ios_appUITestsLaunchTests.swift; sourceTree = "<group>"; };
		79DB320C2AFA4BB5006DB80F /* ProductDetailsView.swift */ = {isa = PBXFileReference; lastKnownFileType = sourcecode.swift; path = ProductDetailsView.swift; sourceTree = "<group>"; };
		79DB320E2AFA4BCB006DB80F /* ProductsView.swift */ = {isa = PBXFileReference; lastKnownFileType = sourcecode.swift; path = ProductsView.swift; sourceTree = "<group>"; };
/* End PBXFileReference section */

/* Begin PBXFrameworksBuildPhase section */
		79DB31DA2AFA47D1006DB80F /* Frameworks */ = {
			isa = PBXFrameworksBuildPhase;
			buildActionMask = 2147483647;
			files = (
				632B12482AFA753E00AC324F /* Lottie in Frameworks */,
			);
			runOnlyForDeploymentPostprocessing = 0;
		};
		79DB31EA2AFA47D2006DB80F /* Frameworks */ = {
			isa = PBXFrameworksBuildPhase;
			buildActionMask = 2147483647;
			files = (
			);
			runOnlyForDeploymentPostprocessing = 0;
		};
		79DB31F42AFA47D2006DB80F /* Frameworks */ = {
			isa = PBXFrameworksBuildPhase;
			buildActionMask = 2147483647;
			files = (
			);
			runOnlyForDeploymentPostprocessing = 0;
		};
/* End PBXFrameworksBuildPhase section */

/* Begin PBXGroup section */
		79DB31D42AFA47D1006DB80F = {
			isa = PBXGroup;
			children = (
				79DB31DF2AFA47D2006DB80F /* my-ios-app */,
				79DB31F02AFA47D2006DB80F /* my-ios-appTests */,
				79DB31FA2AFA47D2006DB80F /* my-ios-appUITests */,
				79DB31DE2AFA47D2006DB80F /* Products */,
			);
			sourceTree = "<group>";
		};
		79DB31DE2AFA47D2006DB80F /* Products */ = {
			isa = PBXGroup;
			children = (
				79DB31DD2AFA47D2006DB80F /* my-ios-app.app */,
				79DB31ED2AFA47D2006DB80F /* my-ios-appTests.xctest */,
				79DB31F72AFA47D2006DB80F /* my-ios-appUITests.xctest */,
			);
			name = Products;
			sourceTree = "<group>";
		};
		79DB31DF2AFA47D2006DB80F /* my-ios-app */ = {
			isa = PBXGroup;
			children = (
				632B12442AFA4C3100AC324F /* Launch Screen.storyboard */,
				79DB31E02AFA47D2006DB80F /* my_ios_appApp.swift */,
				79DB31E22AFA47D2006DB80F /* ContentView.swift */,
				632B124B2AFA76FC00AC324F /* LottieView.swift */,
				79DB320E2AFA4BCB006DB80F /* ProductsView.swift */,
				79DB320C2AFA4BB5006DB80F /* ProductDetailsView.swift */,
				632B124D2AFA7AC500AC324F /* earth_spinning.json */,
				632B12492AFA766B00AC324F /* earth_animated.json */,
				79DB31E42AFA47D2006DB80F /* Assets.xcassets */,
				79DB31E62AFA47D2006DB80F /* Preview Content */,
			);
			path = "my-ios-app";
			sourceTree = "<group>";
		};
		79DB31E62AFA47D2006DB80F /* Preview Content */ = {
			isa = PBXGroup;
			children = (
				79DB31E72AFA47D2006DB80F /* Preview Assets.xcassets */,
			);
			path = "Preview Content";
			sourceTree = "<group>";
		};
		79DB31F02AFA47D2006DB80F /* my-ios-appTests */ = {
			isa = PBXGroup;
			children = (
				79DB31F12AFA47D2006DB80F /* my_ios_appTests.swift */,
			);
			path = "my-ios-appTests";
			sourceTree = "<group>";
		};
		79DB31FA2AFA47D2006DB80F /* my-ios-appUITests */ = {
			isa = PBXGroup;
			children = (
				79DB31FB2AFA47D2006DB80F /* my_ios_appUITests.swift */,
				79DB31FD2AFA47D2006DB80F /* my_ios_appUITestsLaunchTests.swift */,
			);
			path = "my-ios-appUITests";
			sourceTree = "<group>";
		};
/* End PBXGroup section */

/* Begin PBXNativeTarget section */
		79DB31DC2AFA47D1006DB80F /* my-ios-app */ = {
			isa = PBXNativeTarget;
			buildConfigurationList = 79DB32012AFA47D2006DB80F /* Build configuration list for PBXNativeTarget "my-ios-app" */;
			buildPhases = (
				79DB31D92AFA47D1006DB80F /* Sources */,
				79DB31DA2AFA47D1006DB80F /* Frameworks */,
				79DB31DB2AFA47D1006DB80F /* Resources */,
			);
			buildRules = (
			);
			dependencies = (
			);
			name = "my-ios-app";
			packageProductDependencies = (
				632B12472AFA753E00AC324F /* Lottie */,
			);
			productName = "my-ios-app";
			productReference = 79DB31DD2AFA47D2006DB80F /* my-ios-app.app */;
			productType = "com.apple.product-type.application";
		};
		79DB31EC2AFA47D2006DB80F /* my-ios-appTests */ = {
			isa = PBXNativeTarget;
			buildConfigurationList = 79DB32042AFA47D2006DB80F /* Build configuration list for PBXNativeTarget "my-ios-appTests" */;
			buildPhases = (
				79DB31E92AFA47D2006DB80F /* Sources */,
				79DB31EA2AFA47D2006DB80F /* Frameworks */,
				79DB31EB2AFA47D2006DB80F /* Resources */,
			);
			buildRules = (
			);
			dependencies = (
				79DB31EF2AFA47D2006DB80F /* PBXTargetDependency */,
			);
			name = "my-ios-appTests";
			productName = "my-ios-appTests";
			productReference = 79DB31ED2AFA47D2006DB80F /* my-ios-appTests.xctest */;
			productType = "com.apple.product-type.bundle.unit-test";
		};
		79DB31F62AFA47D2006DB80F /* my-ios-appUITests */ = {
			isa = PBXNativeTarget;
			buildConfigurationList = 79DB32072AFA47D2006DB80F /* Build configuration list for PBXNativeTarget "my-ios-appUITests" */;
			buildPhases = (
				79DB31F32AFA47D2006DB80F /* Sources */,
				79DB31F42AFA47D2006DB80F /* Frameworks */,
				79DB31F52AFA47D2006DB80F /* Resources */,
			);
			buildRules = (
			);
			dependencies = (
				79DB31F92AFA47D2006DB80F /* PBXTargetDependency */,
			);
			name = "my-ios-appUITests";
			productName = "my-ios-appUITests";
			productReference = 79DB31F72AFA47D2006DB80F /* my-ios-appUITests.xctest */;
			productType = "com.apple.product-type.bundle.ui-testing";
		};
/* End PBXNativeTarget section */

/* Begin PBXProject section */
		79DB31D52AFA47D1006DB80F /* Project object */ = {
			isa = PBXProject;
			attributes = {
				BuildIndependentTargetsInParallel = 1;
				LastSwiftUpdateCheck = 1430;
				LastUpgradeCheck = 1430;
				TargetAttributes = {
					79DB31DC2AFA47D1006DB80F = {
						CreatedOnToolsVersion = 14.3.1;
					};
					79DB31EC2AFA47D2006DB80F = {
						CreatedOnToolsVersion = 14.3.1;
						TestTargetID = 79DB31DC2AFA47D1006DB80F;
					};
					79DB31F62AFA47D2006DB80F = {
						CreatedOnToolsVersion = 14.3.1;
						TestTargetID = 79DB31DC2AFA47D1006DB80F;
					};
				};
			};
			buildConfigurationList = 79DB31D82AFA47D1006DB80F /* Build configuration list for PBXProject "my-ios-app" */;
			compatibilityVersion = "Xcode 14.0";
			developmentRegion = en;
			hasScannedForEncodings = 0;
			knownRegions = (
				en,
				Base,
			);
			mainGroup = 79DB31D42AFA47D1006DB80F;
			packageReferences = (
				632B12462AFA753E00AC324F /* XCRemoteSwiftPackageReference "lottie-spm" */,
			);
			productRefGroup = 79DB31DE2AFA47D2006DB80F /* Products */;
			projectDirPath = "";
			projectRoot = "";
			targets = (
				79DB31DC2AFA47D1006DB80F /* my-ios-app */,
				79DB31EC2AFA47D2006DB80F /* my-ios-appTests */,
				79DB31F62AFA47D2006DB80F /* my-ios-appUITests */,
			);
		};
/* End PBXProject section */

/* Begin PBXResourcesBuildPhase section */
		79DB31DB2AFA47D1006DB80F /* Resources */ = {
			isa = PBXResourcesBuildPhase;
			buildActionMask = 2147483647;
			files = (
				632B124A2AFA766B00AC324F /* earth_animated.json in Resources */,
				632B12452AFA4C3100AC324F /* Launch Screen.storyboard in Resources */,
				632B124E2AFA7AC500AC324F /* earth_spinning.json in Resources */,
				79DB31E82AFA47D2006DB80F /* Preview Assets.xcassets in Resources */,
				79DB31E52AFA47D2006DB80F /* Assets.xcassets in Resources */,
			);
			runOnlyForDeploymentPostprocessing = 0;
		};
		79DB31EB2AFA47D2006DB80F /* Resources */ = {
			isa = PBXResourcesBuildPhase;
			buildActionMask = 2147483647;
			files = (
			);
			runOnlyForDeploymentPostprocessing = 0;
		};
		79DB31F52AFA47D2006DB80F /* Resources */ = {
			isa = PBXResourcesBuildPhase;
			buildActionMask = 2147483647;
			files = (
			);
			runOnlyForDeploymentPostprocessing = 0;
		};
/* End PBXResourcesBuildPhase section */

/* Begin PBXSourcesBuildPhase section */
		79DB31D92AFA47D1006DB80F /* Sources */ = {
			isa = PBXSourcesBuildPhase;
			buildActionMask = 2147483647;
			files = (
				79DB320F2AFA4BCB006DB80F /* ProductsView.swift in Sources */,
				79DB31E32AFA47D2006DB80F /* ContentView.swift in Sources */,
				632B124C2AFA76FC00AC324F /* LottieView.swift in Sources */,
				79DB320D2AFA4BB5006DB80F /* ProductDetailsView.swift in Sources */,
				79DB31E12AFA47D2006DB80F /* my_ios_appApp.swift in Sources */,
			);
			runOnlyForDeploymentPostprocessing = 0;
		};
		79DB31E92AFA47D2006DB80F /* Sources */ = {
			isa = PBXSourcesBuildPhase;
			buildActionMask = 2147483647;
			files = (
				79DB31F22AFA47D2006DB80F /* my_ios_appTests.swift in Sources */,
			);
			runOnlyForDeploymentPostprocessing = 0;
		};
		79DB31F32AFA47D2006DB80F /* Sources */ = {
			isa = PBXSourcesBuildPhase;
			buildActionMask = 2147483647;
			files = (
				79DB31FE2AFA47D2006DB80F /* my_ios_appUITestsLaunchTests.swift in Sources */,
				79DB31FC2AFA47D2006DB80F /* my_ios_appUITests.swift in Sources */,
			);
			runOnlyForDeploymentPostprocessing = 0;
		};
/* End PBXSourcesBuildPhase section */

/* Begin PBXTargetDependency section */
		79DB31EF2AFA47D2006DB80F /* PBXTargetDependency */ = {
			isa = PBXTargetDependency;
			target = 79DB31DC2AFA47D1006DB80F /* my-ios-app */;
			targetProxy = 79DB31EE2AFA47D2006DB80F /* PBXContainerItemProxy */;
		};
		79DB31F92AFA47D2006DB80F /* PBXTargetDependency */ = {
			isa = PBXTargetDependency;
			target = 79DB31DC2AFA47D1006DB80F /* my-ios-app */;
			targetProxy = 79DB31F82AFA47D2006DB80F /* PBXContainerItemProxy */;
		};
/* End PBXTargetDependency section */

/* Begin XCBuildConfiguration section */
		79DB31FF2AFA47D2006DB80F /* Debug */ = {
			isa = XCBuildConfiguration;
			buildSettings = {
				ALWAYS_SEARCH_USER_PATHS = NO;
				CLANG_ANALYZER_NONNULL = YES;
				CLANG_ANALYZER_NUMBER_OBJECT_CONVERSION = YES_AGGRESSIVE;
				CLANG_CXX_LANGUAGE_STANDARD = "gnu++20";
				CLANG_ENABLE_MODULES = YES;
				CLANG_ENABLE_OBJC_ARC = YES;
				CLANG_ENABLE_OBJC_WEAK = YES;
				CLANG_WARN_BLOCK_CAPTURE_AUTORELEASING = YES;
				CLANG_WARN_BOOL_CONVERSION = YES;
				CLANG_WARN_COMMA = YES;
				CLANG_WARN_CONSTANT_CONVERSION = YES;
				CLANG_WARN_DEPRECATED_OBJC_IMPLEMENTATIONS = YES;
				CLANG_WARN_DIRECT_OBJC_ISA_USAGE = YES_ERROR;
				CLANG_WARN_DOCUMENTATION_COMMENTS = YES;
				CLANG_WARN_EMPTY_BODY = YES;
				CLANG_WARN_ENUM_CONVERSION = YES;
				CLANG_WARN_INFINITE_RECURSION = YES;
				CLANG_WARN_INT_CONVERSION = YES;
				CLANG_WARN_NON_LITERAL_NULL_CONVERSION = YES;
				CLANG_WARN_OBJC_IMPLICIT_RETAIN_SELF = YES;
				CLANG_WARN_OBJC_LITERAL_CONVERSION = YES;
				CLANG_WARN_OBJC_ROOT_CLASS = YES_ERROR;
				CLANG_WARN_QUOTED_INCLUDE_IN_FRAMEWORK_HEADER = YES;
				CLANG_WARN_RANGE_LOOP_ANALYSIS = YES;
				CLANG_WARN_STRICT_PROTOTYPES = YES;
				CLANG_WARN_SUSPICIOUS_MOVE = YES;
				CLANG_WARN_UNGUARDED_AVAILABILITY = YES_AGGRESSIVE;
				CLANG_WARN_UNREACHABLE_CODE = YES;
				CLANG_WARN__DUPLICATE_METHOD_MATCH = YES;
				COPY_PHASE_STRIP = NO;
				DEBUG_INFORMATION_FORMAT = dwarf;
				ENABLE_STRICT_OBJC_MSGSEND = YES;
				ENABLE_TESTABILITY = YES;
				GCC_C_LANGUAGE_STANDARD = gnu11;
				GCC_DYNAMIC_NO_PIC = NO;
				GCC_NO_COMMON_BLOCKS = YES;
				GCC_OPTIMIZATION_LEVEL = 0;
				GCC_PREPROCESSOR_DEFINITIONS = (
					"DEBUG=1",
					"$(inherited)",
				);
				GCC_WARN_64_TO_32_BIT_CONVERSION = YES;
				GCC_WARN_ABOUT_RETURN_TYPE = YES_ERROR;
				GCC_WARN_UNDECLARED_SELECTOR = YES;
				GCC_WARN_UNINITIALIZED_AUTOS = YES_AGGRESSIVE;
				GCC_WARN_UNUSED_FUNCTION = YES;
				GCC_WARN_UNUSED_VARIABLE = YES;
				IPHONEOS_DEPLOYMENT_TARGET = 16.4;
				MTL_ENABLE_DEBUG_INFO = INCLUDE_SOURCE;
				MTL_FAST_MATH = YES;
				ONLY_ACTIVE_ARCH = YES;
				SDKROOT = iphoneos;
				SWIFT_ACTIVE_COMPILATION_CONDITIONS = DEBUG;
				SWIFT_OPTIMIZATION_LEVEL = "-Onone";
			};
			name = Debug;
		};
		79DB32002AFA47D2006DB80F /* Release */ = {
			isa = XCBuildConfiguration;
			buildSettings = {
				ALWAYS_SEARCH_USER_PATHS = NO;
				CLANG_ANALYZER_NONNULL = YES;
				CLANG_ANALYZER_NUMBER_OBJECT_CONVERSION = YES_AGGRESSIVE;
				CLANG_CXX_LANGUAGE_STANDARD = "gnu++20";
				CLANG_ENABLE_MODULES = YES;
				CLANG_ENABLE_OBJC_ARC = YES;
				CLANG_ENABLE_OBJC_WEAK = YES;
				CLANG_WARN_BLOCK_CAPTURE_AUTORELEASING = YES;
				CLANG_WARN_BOOL_CONVERSION = YES;
				CLANG_WARN_COMMA = YES;
				CLANG_WARN_CONSTANT_CONVERSION = YES;
				CLANG_WARN_DEPRECATED_OBJC_IMPLEMENTATIONS = YES;
				CLANG_WARN_DIRECT_OBJC_ISA_USAGE = YES_ERROR;
				CLANG_WARN_DOCUMENTATION_COMMENTS = YES;
				CLANG_WARN_EMPTY_BODY = YES;
				CLANG_WARN_ENUM_CONVERSION = YES;
				CLANG_WARN_INFINITE_RECURSION = YES;
				CLANG_WARN_INT_CONVERSION = YES;
				CLANG_WARN_NON_LITERAL_NULL_CONVERSION = YES;
				CLANG_WARN_OBJC_IMPLICIT_RETAIN_SELF = YES;
				CLANG_WARN_OBJC_LITERAL_CONVERSION = YES;
				CLANG_WARN_OBJC_ROOT_CLASS = YES_ERROR;
				CLANG_WARN_QUOTED_INCLUDE_IN_FRAMEWORK_HEADER = YES;
				CLANG_WARN_RANGE_LOOP_ANALYSIS = YES;
				CLANG_WARN_STRICT_PROTOTYPES = YES;
				CLANG_WARN_SUSPICIOUS_MOVE = YES;
				CLANG_WARN_UNGUARDED_AVAILABILITY = YES_AGGRESSIVE;
				CLANG_WARN_UNREACHABLE_CODE = YES;
				CLANG_WARN__DUPLICATE_METHOD_MATCH = YES;
				COPY_PHASE_STRIP = NO;
				DEBUG_INFORMATION_FORMAT = "dwarf-with-dsym";
				ENABLE_NS_ASSERTIONS = NO;
				ENABLE_STRICT_OBJC_MSGSEND = YES;
				GCC_C_LANGUAGE_STANDARD = gnu11;
				GCC_NO_COMMON_BLOCKS = YES;
				GCC_WARN_64_TO_32_BIT_CONVERSION = YES;
				GCC_WARN_ABOUT_RETURN_TYPE = YES_ERROR;
				GCC_WARN_UNDECLARED_SELECTOR = YES;
				GCC_WARN_UNINITIALIZED_AUTOS = YES_AGGRESSIVE;
				GCC_WARN_UNUSED_FUNCTION = YES;
				GCC_WARN_UNUSED_VARIABLE = YES;
				IPHONEOS_DEPLOYMENT_TARGET = 16.4;
				MTL_ENABLE_DEBUG_INFO = NO;
				MTL_FAST_MATH = YES;
				SDKROOT = iphoneos;
				SWIFT_COMPILATION_MODE = wholemodule;
				SWIFT_OPTIMIZATION_LEVEL = "-O";
				VALIDATE_PRODUCT = YES;
			};
			name = Release;
		};
		79DB32022AFA47D2006DB80F /* Debug */ = {
			isa = XCBuildConfiguration;
			buildSettings = {
				ASSETCATALOG_COMPILER_APPICON_NAME = AppIcon;
				ASSETCATALOG_COMPILER_GLOBAL_ACCENT_COLOR_NAME = AccentColor;
				CODE_SIGN_STYLE = Automatic;
				CURRENT_PROJECT_VERSION = 1;
				DEVELOPMENT_ASSET_PATHS = "\"my-ios-app/Preview Content\"";
				ENABLE_PREVIEWS = YES;
				GENERATE_INFOPLIST_FILE = YES;
				INFOPLIST_KEY_UIApplicationSceneManifest_Generation = YES;
				INFOPLIST_KEY_UIApplicationSupportsIndirectInputEvents = YES;
				INFOPLIST_KEY_UILaunchScreen_Generation = YES;
				INFOPLIST_KEY_UILaunchStoryboardName = "Launch Screen.storyboard";
				INFOPLIST_KEY_UISupportedInterfaceOrientations_iPad = "UIInterfaceOrientationPortrait UIInterfaceOrientationPortraitUpsideDown UIInterfaceOrientationLandscapeLeft UIInterfaceOrientationLandscapeRight";
				INFOPLIST_KEY_UISupportedInterfaceOrientations_iPhone = "UIInterfaceOrientationPortrait UIInterfaceOrientationLandscapeLeft UIInterfaceOrientationLandscapeRight";
				IPHONEOS_DEPLOYMENT_TARGET = 16.2;
				LD_RUNPATH_SEARCH_PATHS = (
					"$(inherited)",
					"@executable_path/Frameworks",
				);
				MARKETING_VERSION = 1.0;
				PRODUCT_BUNDLE_IDENTIFIER = "BackMarket.my-ios-app";
				PRODUCT_NAME = "$(TARGET_NAME)";
				SWIFT_EMIT_LOC_STRINGS = YES;
				SWIFT_VERSION = 5.0;
				TARGETED_DEVICE_FAMILY = "1,2";
			};
			name = Debug;
		};
		79DB32032AFA47D2006DB80F /* Release */ = {
			isa = XCBuildConfiguration;
			buildSettings = {
				ASSETCATALOG_COMPILER_APPICON_NAME = AppIcon;
				ASSETCATALOG_COMPILER_GLOBAL_ACCENT_COLOR_NAME = AccentColor;
				CODE_SIGN_STYLE = Automatic;
				CURRENT_PROJECT_VERSION = 1;
				DEVELOPMENT_ASSET_PATHS = "\"my-ios-app/Preview Content\"";
				ENABLE_PREVIEWS = YES;
				GENERATE_INFOPLIST_FILE = YES;
				INFOPLIST_KEY_UIApplicationSceneManifest_Generation = YES;
				INFOPLIST_KEY_UIApplicationSupportsIndirectInputEvents = YES;
				INFOPLIST_KEY_UILaunchScreen_Generation = YES;
				INFOPLIST_KEY_UILaunchStoryboardName = "Launch Screen.storyboard";
				INFOPLIST_KEY_UISupportedInterfaceOrientations_iPad = "UIInterfaceOrientationPortrait UIInterfaceOrientationPortraitUpsideDown UIInterfaceOrientationLandscapeLeft UIInterfaceOrientationLandscapeRight";
				INFOPLIST_KEY_UISupportedInterfaceOrientations_iPhone = "UIInterfaceOrientationPortrait UIInterfaceOrientationLandscapeLeft UIInterfaceOrientationLandscapeRight";
				IPHONEOS_DEPLOYMENT_TARGET = 16.2;
				LD_RUNPATH_SEARCH_PATHS = (
					"$(inherited)",
					"@executable_path/Frameworks",
				);
				MARKETING_VERSION = 1.0;
				PRODUCT_BUNDLE_IDENTIFIER = "BackMarket.my-ios-app";
				PRODUCT_NAME = "$(TARGET_NAME)";
				SWIFT_EMIT_LOC_STRINGS = YES;
				SWIFT_VERSION = 5.0;
				TARGETED_DEVICE_FAMILY = "1,2";
			};
			name = Release;
		};
		79DB32052AFA47D2006DB80F /* Debug */ = {
			isa = XCBuildConfiguration;
			buildSettings = {
				ALWAYS_EMBED_SWIFT_STANDARD_LIBRARIES = YES;
				BUNDLE_LOADER = "$(TEST_HOST)";
				CODE_SIGN_STYLE = Automatic;
				CURRENT_PROJECT_VERSION = 1;
				GENERATE_INFOPLIST_FILE = YES;
				IPHONEOS_DEPLOYMENT_TARGET = 16.4;
				MARKETING_VERSION = 1.0;
				PRODUCT_BUNDLE_IDENTIFIER = "BackMarket.my-ios-appTests";
				PRODUCT_NAME = "$(TARGET_NAME)";
				SWIFT_EMIT_LOC_STRINGS = NO;
				SWIFT_VERSION = 5.0;
				TARGETED_DEVICE_FAMILY = "1,2";
				TEST_HOST = "$(BUILT_PRODUCTS_DIR)/my-ios-app.app/$(BUNDLE_EXECUTABLE_FOLDER_PATH)/my-ios-app";
			};
			name = Debug;
		};
		79DB32062AFA47D2006DB80F /* Release */ = {
			isa = XCBuildConfiguration;
			buildSettings = {
				ALWAYS_EMBED_SWIFT_STANDARD_LIBRARIES = YES;
				BUNDLE_LOADER = "$(TEST_HOST)";
				CODE_SIGN_STYLE = Automatic;
				CURRENT_PROJECT_VERSION = 1;
				GENERATE_INFOPLIST_FILE = YES;
				IPHONEOS_DEPLOYMENT_TARGET = 16.4;
				MARKETING_VERSION = 1.0;
				PRODUCT_BUNDLE_IDENTIFIER = "BackMarket.my-ios-appTests";
				PRODUCT_NAME = "$(TARGET_NAME)";
				SWIFT_EMIT_LOC_STRINGS = NO;
				SWIFT_VERSION = 5.0;
				TARGETED_DEVICE_FAMILY = "1,2";
				TEST_HOST = "$(BUILT_PRODUCTS_DIR)/my-ios-app.app/$(BUNDLE_EXECUTABLE_FOLDER_PATH)/my-ios-app";
			};
			name = Release;
		};
		79DB32082AFA47D2006DB80F /* Debug */ = {
			isa = XCBuildConfiguration;
			buildSettings = {
				ALWAYS_EMBED_SWIFT_STANDARD_LIBRARIES = YES;
				CODE_SIGN_STYLE = Automatic;
				CURRENT_PROJECT_VERSION = 1;
				GENERATE_INFOPLIST_FILE = YES;
				MARKETING_VERSION = 1.0;
				PRODUCT_BUNDLE_IDENTIFIER = "BackMarket.my-ios-appUITests";
				PRODUCT_NAME = "$(TARGET_NAME)";
				SWIFT_EMIT_LOC_STRINGS = NO;
				SWIFT_VERSION = 5.0;
				TARGETED_DEVICE_FAMILY = "1,2";
				TEST_TARGET_NAME = "my-ios-app";
			};
			name = Debug;
		};
		79DB32092AFA47D2006DB80F /* Release */ = {
			isa = XCBuildConfiguration;
			buildSettings = {
				ALWAYS_EMBED_SWIFT_STANDARD_LIBRARIES = YES;
				CODE_SIGN_STYLE = Automatic;
				CURRENT_PROJECT_VERSION = 1;
				GENERATE_INFOPLIST_FILE = YES;
				MARKETING_VERSION = 1.0;
				PRODUCT_BUNDLE_IDENTIFIER = "BackMarket.my-ios-appUITests";
				PRODUCT_NAME = "$(TARGET_NAME)";
				SWIFT_EMIT_LOC_STRINGS = NO;
				SWIFT_VERSION = 5.0;
				TARGETED_DEVICE_FAMILY = "1,2";
				TEST_TARGET_NAME = "my-ios-app";
			};
			name = Release;
		};
/* End XCBuildConfiguration section */

/* Begin XCConfigurationList section */
		79DB31D82AFA47D1006DB80F /* Build configuration list for PBXProject "my-ios-app" */ = {
			isa = XCConfigurationList;
			buildConfigurations = (
				79DB31FF2AFA47D2006DB80F /* Debug */,
				79DB32002AFA47D2006DB80F /* Release */,
			);
			defaultConfigurationIsVisible = 0;
			defaultConfigurationName = Release;
		};
		79DB32012AFA47D2006DB80F /* Build configuration list for PBXNativeTarget "my-ios-app" */ = {
			isa = XCConfigurationList;
			buildConfigurations = (
				79DB32022AFA47D2006DB80F /* Debug */,
				79DB32032AFA47D2006DB80F /* Release */,
			);
			defaultConfigurationIsVisible = 0;
			defaultConfigurationName = Release;
		};
		79DB32042AFA47D2006DB80F /* Build configuration list for PBXNativeTarget "my-ios-appTests" */ = {
			isa = XCConfigurationList;
			buildConfigurations = (
				79DB32052AFA47D2006DB80F /* Debug */,
				79DB32062AFA47D2006DB80F /* Release */,
			);
			defaultConfigurationIsVisible = 0;
			defaultConfigurationName = Release;
		};
		79DB32072AFA47D2006DB80F /* Build configuration list for PBXNativeTarget "my-ios-appUITests" */ = {
			isa = XCConfigurationList;
			buildConfigurations = (
				79DB32082AFA47D2006DB80F /* Debug */,
				79DB32092AFA47D2006DB80F /* Release */,
			);
			defaultConfigurationIsVisible = 0;
			defaultConfigurationName = Release;
		};
/* End XCConfigurationList section */

/* Begin XCRemoteSwiftPackageReference section */
		632B12462AFA753E00AC324F /* XCRemoteSwiftPackageReference "lottie-spm" */ = {
			isa = XCRemoteSwiftPackageReference;
			repositoryURL = "https://github.com/airbnb/lottie-spm.git";
			requirement = {
				kind = upToNextMajorVersion;
				minimumVersion = 4.0.0;
			};
		};
/* End XCRemoteSwiftPackageReference section */

/* Begin XCSwiftPackageProductDependency section */
		632B12472AFA753E00AC324F /* Lottie */ = {
			isa = XCSwiftPackageProductDependency;
			package = 632B12462AFA753E00AC324F /* XCRemoteSwiftPackageReference "lottie-spm" */;
			productName = Lottie;
		};
/* End XCSwiftPackageProductDependency section */
	};
	rootObject = 79DB31D52AFA47D1006DB80F /* Project object */;
}
